<?xml version="1.0" encoding="utf-8"?>
<Project ToolsVersion="4.0" xmlns="http://schemas.microsoft.com/developer/msbuild/2003">
  <ItemGroup>
    <Filter Include="源文件">
      <UniqueIdentifier>{4FC737F1-C7A5-4376-A066-2A32D752A2FF}</UniqueIdentifier>
      <Extensions>cpp;c;cc;cxx;c++;cppm;ixx;def;odl;idl;hpj;bat;asm;asmx</Extensions>
    </Filter>
    <Filter Include="头文件">
      <UniqueIdentifier>{93995380-89BD-4b04-88EB-625FBE52EBFB}</UniqueIdentifier>
      <Extensions>h;hh;hpp;hxx;h++;hm;inl;inc;ipp;xsd</Extensions>
    </Filter>
    <Filter Include="资源文件">
      <UniqueIdentifier>{67DA6AB6-F800-4c08-8B7A-83BB121AAD01}</UniqueIdentifier>
      <Extensions>rc;ico;cur;bmp;dlg;rc2;rct;bin;rgs;gif;jpg;jpeg;jpe;resx;tiff;tif;png;wav;mfcribbon-ms</Extensions>
    </Filter>
    <Filter Include="源文件\Details">
      <UniqueIdentifier>{73214987-b03b-467d-bd57-febfe2c05931}</UniqueIdentifier>
    </Filter>
    <Filter Include="头文件\Details">
      <UniqueIdentifier>{63ce3390-b099-479c-b7f2-5e9242c07033}</UniqueIdentifier>
    </Filter>
  </ItemGroup>
  <ItemGroup>
    <ClCompile Include="source\BaseObject.cpp">
      <Filter>源文件</Filter>
    </ClCompile>
    <ClCompile Include="source\DosHeader.cpp">
      <Filter>源文件</Filter>
    </ClCompile>
    <ClCompile Include="source\FileHeader.cpp">
      <Filter>源文件</Filter>
    </ClCompile>
    <ClCompile Include="source\NtHeaders.cpp">
      <Filter>源文件</Filter>
    </ClCompile>
    <ClCompile Include="source\OptionalHeader.cpp">
      <Filter>源文件</Filter>
    </ClCompile>
    <ClCompile Include="source\libpepp.cpp">
      <Filter>源文件</Filter>
    </ClCompile>
    <ClCompile Include="source\SectionHeader.cpp">
      <Filter>源文件</Filter>
    </ClCompile>
    <ClCompile Include="source\Details\ExportTable.cpp">
      <Filter>源文件\Details</Filter>
    </ClCompile>
    <ClCompile Include="source\Details\Address.cpp">
      <Filter>源文件\Details</Filter>
    </ClCompile>
    <ClCompile Include="source\Details\ImportTable.cpp">
      <Filter>源文件\Details</Filter>
    </ClCompile>
    <ClCompile Include="source\Details\BaseRelocTable.cpp">
      <Filter>源文件\Details</Filter>
    </ClCompile>
  </ItemGroup>
  <ItemGroup>
    <ClInclude Include="include\Details\ExportTable.h">
      <Filter>头文件\Details</Filter>
    </ClInclude>
    <ClInclude Include="include\BaseObject.h">
      <Filter>头文件</Filter>
    </ClInclude>
    <ClInclude Include="include\DosHeader.h">
      <Filter>头文件</Filter>
    </ClInclude>
    <ClInclude Include="include\FileHeader.h">
      <Filter>头文件</Filter>
    </ClInclude>
    <ClInclude Include="include\NtHeaders.h">
      <Filter>头文件</Filter>
    </ClInclude>
    <ClInclude Include="include\OptionalHeader.h">
      <Filter>头文件</Filter>
    </ClInclude>
    <ClInclude Include="include\libpepp.h">
      <Filter>头文件</Filter>
    </ClInclude>
    <ClInclude Include="include\SectionHeader.h">
      <Filter>头文件</Filter>
    </ClInclude>
    <ClInclude Include="include\Details\Address.h">
      <Filter>头文件\Details</Filter>
    </ClInclude>
    <ClInclude Include="include\Details\ImportTable.h">
      <Filter>头文件\Details</Filter>
    </ClInclude>
    <ClInclude Include="include\Details\BaseRelocTable.h">
      <Filter>头文件\Details</Filter>
    </ClInclude>
  </ItemGroup>
</Project>